
Microsoft Visual Studio Solution File, Format Version 12.00
# Visual Studio 15
VisualStudioVersion = 15.0.28307.271
MinimumVisualStudioVersion = 10.0.40219.1
Project("{FAE04EC0-301F-11D3-BF4B-00C04F79EFBC}") = "RecipeService", "RecipeService\RecipeService.csproj", "{74680FBA-530F-40E2-9CFC-94D9FA8DB1A7}"
EndProject
Project("{E24C65DC-7377-472B-9ABA-BC803B73C61A}") = "client", "RecipeService\client\", "{C737ECFF-4358-4F4F-BA13-7D62CB5DC7AC}"
	ProjectSection(WebsiteProperties) = preProject
		TargetFrameworkMoniker = ".NETFramework,Version%3Dv4.0"
		Debug.AspNetCompiler.VirtualPath = "/localhost_6065"
		Debug.AspNetCompiler.PhysicalPath = "RecipeService\client\"
		Debug.AspNetCompiler.TargetPath = "PrecompiledWeb\localhost_6065\"
		Debug.AspNetCompiler.Updateable = "true"
		Debug.AspNetCompiler.ForceOverwrite = "true"
		Debug.AspNetCompiler.FixedNames = "false"
		Debug.AspNetCompiler.Debug = "True"
		Release.AspNetCompiler.VirtualPath = "/localhost_6065"
		Release.AspNetCompiler.PhysicalPath = "RecipeService\client\"
		Release.AspNetCompiler.TargetPath = "PrecompiledWeb\localhost_6065\"
		Release.AspNetCompiler.Updateable = "true"
		Release.AspNetCompiler.ForceOverwrite = "true"
		Release.AspNetCompiler.FixedNames = "false"
		Release.AspNetCompiler.Debug = "False"
		VWDPort = "6065"
	EndProjectSection
EndProject
Global
	GlobalSection(SolutionConfigurationPlatforms) = preSolution
		Debug|Any CPU = Debug|Any CPU
		Release|Any CPU = Release|Any CPU
	EndGlobalSection
	GlobalSection(ProjectConfigurationPlatforms) = postSolution
		{74680FBA-530F-40E2-9CFC-94D9FA8DB1A7}.Debug|Any CPU.ActiveCfg = Debug|Any CPU
		{74680FBA-530F-40E2-9CFC-94D9FA8DB1A7}.Debug|Any CPU.Build.0 = Debug|Any CPU
		{74680FBA-530F-40E2-9CFC-94D9FA8DB1A7}.Release|Any CPU.ActiveCfg = Release|Any CPU
		{74680FBA-530F-40E2-9CFC-94D9FA8DB1A7}.Release|Any CPU.Build.0 = Release|Any CPU
		{C737ECFF-4358-4F4F-BA13-7D62CB5DC7AC}.Debug|Any CPU.ActiveCfg = Debug|Any CPU
		{C737ECFF-4358-4F4F-BA13-7D62CB5DC7AC}.Debug|Any CPU.Build.0 = Debug|Any CPU
		{C737ECFF-4358-4F4F-BA13-7D62CB5DC7AC}.Release|Any CPU.ActiveCfg = Debug|Any CPU
		{C737ECFF-4358-4F4F-BA13-7D62CB5DC7AC}.Release|Any CPU.Build.0 = Debug|Any CPU
	EndGlobalSection
	GlobalSection(SolutionProperties) = preSolution
		HideSolutionNode = FALSE
	EndGlobalSection
	GlobalSection(ExtensibilityGlobals) = postSolution
		SolutionGuid = {B0B3AD36-27D9-450C-9CD6-26F05DA34821}
	EndGlobalSection
EndGlobal
